// !$*UTF8*$!
{
	archiveVersion = 1;
	classes = {
	};
	objectVersion = 55;
	objects = {

/* Begin PBXBuildFile section */
		A1023C6028847700000AB818 /* AppDelegate.swift in Sources */ = {isa = PBXBuildFile; fileRef = A1023C5F28847700000AB818 /* AppDelegate.swift */; };
		A1023C6228847700000AB818 /* SceneDelegate.swift in Sources */ = {isa = PBXBuildFile; fileRef = A1023C6128847700000AB818 /* SceneDelegate.swift */; };
		A1023C6428847700000AB818 /* ViewController.swift in Sources */ = {isa = PBXBuildFile; fileRef = A1023C6328847700000AB818 /* ViewController.swift */; };
		A1023C6728847700000AB818 /* Main.storyboard in Resources */ = {isa = PBXBuildFile; fileRef = A1023C6528847700000AB818 /* Main.storyboard */; };
		A1023C6928847702000AB818 /* Assets.xcassets in Resources */ = {isa = PBXBuildFile; fileRef = A1023C6828847702000AB818 /* Assets.xcassets */; };
		A1023C6C28847702000AB818 /* LaunchScreen.storyboard in Resources */ = {isa = PBXBuildFile; fileRef = A1023C6A28847702000AB818 /* LaunchScreen.storyboard */; };
		A1023C7728847702000AB818 /* ProgressLogTests.swift in Sources */ = {isa = PBXBuildFile; fileRef = A1023C7628847702000AB818 /* ProgressLogTests.swift */; };
		A1023C8128847703000AB818 /* ProgressLogUITests.swift in Sources */ = {isa = PBXBuildFile; fileRef = A1023C8028847703000AB818 /* ProgressLogUITests.swift */; };
		A1023C8328847703000AB818 /* ProgressLogUITestsLaunchTests.swift in Sources */ = {isa = PBXBuildFile; fileRef = A1023C8228847703000AB818 /* ProgressLogUITestsLaunchTests.swift */; };
/* End PBXBuildFile section */

/* Begin PBXContainerItemProxy section */
		A1023C7328847702000AB818 /* PBXContainerItemProxy */ = {
			isa = PBXContainerItemProxy;
			containerPortal = A1023C5428847700000AB818 /* Project object */;
			proxyType = 1;
			remoteGlobalIDString = A1023C5B28847700000AB818;
			remoteInfo = ProgressLog;
		};
		A1023C7D28847703000AB818 /* PBXContainerItemProxy */ = {
			isa = PBXContainerItemProxy;
			containerPortal = A1023C5428847700000AB818 /* Project object */;
			proxyType = 1;
			remoteGlobalIDString = A1023C5B28847700000AB818;
			remoteInfo = ProgressLog;
		};
/* End PBXContainerItemProxy section */

/* Begin PBXFileReference section */
		A1023C5C28847700000AB818 /* ProgressLog.app */ = {isa = PBXFileReference; explicitFileType = wrapper.application; includeInIndex = 0; path = ProgressLog.app; sourceTree = BUILT_PRODUCTS_DIR; };
		A1023C5F28847700000AB818 /* AppDelegate.swift */ = {isa = PBXFileReference; lastKnownFileType = sourcecode.swift; path = AppDelegate.swift; sourceTree = "<group>"; };
		A1023C6128847700000AB818 /* SceneDelegate.swift */ = {isa = PBXFileReference; lastKnownFileType = sourcecode.swift; path = SceneDelegate.swift; sourceTree = "<group>"; };
		A1023C6328847700000AB818 /* ViewController.swift */ = {isa = PBXFileReference; lastKnownFileType = sourcecode.swift; path = ViewController.swift; sourceTree = "<group>"; };
		A1023C6628847700000AB818 /* Base */ = {isa = PBXFileReference; lastKnownFileType = file.storyboard; name = Base; path = Base.lproj/Main.storyboard; sourceTree = "<group>"; };
		A1023C6828847702000AB818 /* Assets.xcassets */ = {isa = PBXFileReference; lastKnownFileType = folder.assetcatalog; path = Assets.xcassets; sourceTree = "<group>"; };
		A1023C6B28847702000AB818 /* Base */ = {isa = PBXFileReference; lastKnownFileType = file.storyboard; name = Base; path = Base.lproj/LaunchScreen.storyboard; sourceTree = "<group>"; };
		A1023C6D28847702000AB818 /* Info.plist */ = {isa = PBXFileReference; lastKnownFileType = text.plist.xml; path = Info.plist; sourceTree = "<group>"; };
		A1023C7228847702000AB818 /* ProgressLogTests.xctest */ = {isa = PBXFileReference; explicitFileType = wrapper.cfbundle; includeInIndex = 0; path = ProgressLogTests.xctest; sourceTree = BUILT_PRODUCTS_DIR; };
		A1023C7628847702000AB818 /* ProgressLogTests.swift */ = {isa = PBXFileReference; lastKnownFileType = sourcecode.swift; path = ProgressLogTests.swift; sourceTree = "<group>"; };
		A1023C7C28847703000AB818 /* ProgressLogUITests.xctest */ = {isa = PBXFileReference; explicitFileType = wrapper.cfbundle; includeInIndex = 0; path = ProgressLogUITests.xctest; sourceTree = BUILT_PRODUCTS_DIR; };
		A1023C8028847703000AB818 /* ProgressLogUITests.swift */ = {isa = PBXFileReference; lastKnownFileType = sourcecode.swift; path = ProgressLogUITests.swift; sourceTree = "<group>"; };
		A1023C8228847703000AB818 /* ProgressLogUITestsLaunchTests.swift */ = {isa = PBXFileReference; lastKnownFileType = sourcecode.swift; path = ProgressLogUITestsLaunchTests.swift; sourceTree = "<group>"; };
/* End PBXFileReference section */

/* Begin PBXFrameworksBuildPhase section */
		A1023C5928847700000AB818 /* Frameworks */ = {
			isa = PBXFrameworksBuildPhase;
			buildActionMask = 2147483647;
			files = (
			);
			runOnlyForDeploymentPostprocessing = 0;
		};
		A1023C6F28847702000AB818 /* Frameworks */ = {
			isa = PBXFrameworksBuildPhase;
			buildActionMask = 2147483647;
			files = (
			);
			runOnlyForDeploymentPostprocessing = 0;
		};
		A1023C7928847703000AB818 /* Frameworks */ = {
			isa = PBXFrameworksBuildPhase;
			buildActionMask = 2147483647;
			files = (
			);
			runOnlyForDeploymentPostprocessing = 0;
		};
/* End PBXFrameworksBuildPhase section */

/* Begin PBXGroup section */
		A1023C5328847700000AB818 = {
			isa = PBXGroup;
			children = (
				A1023C5E28847700000AB818 /* ProgressLog */,
				A1023C7528847702000AB818 /* ProgressLogTests */,
				A1023C7F28847703000AB818 /* ProgressLogUITests */,
				A1023C5D28847700000AB818 /* Products */,
			);
			sourceTree = "<group>";
		};
		A1023C5D28847700000AB818 /* Products */ = {
			isa = PBXGroup;
			children = (
				A1023C5C28847700000AB818 /* ProgressLog.app */,
				A1023C7228847702000AB818 /* ProgressLogTests.xctest */,
				A1023C7C28847703000AB818 /* ProgressLogUITests.xctest */,
			);
			name = Products;
			sourceTree = "<group>";
		};
		A1023C5E28847700000AB818 /* ProgressLog */ = {
			isa = PBXGroup;
			children = (
				A1023C5F28847700000AB818 /* AppDelegate.swift */,
				A1023C6128847700000AB818 /* SceneDelegate.swift */,
				A1023C6328847700000AB818 /* ViewController.swift */,
				A1023C6528847700000AB818 /* Main.storyboard */,
				A1023C6828847702000AB818 /* Assets.xcassets */,
				A1023C6A28847702000AB818 /* LaunchScreen.storyboard */,
				A1023C6D28847702000AB818 /* Info.plist */,
			);
			path = ProgressLog;
			sourceTree = "<group>";
		};
		A1023C7528847702000AB818 /* ProgressLogTests */ = {
			isa = PBXGroup;
			children = (
				A1023C7628847702000AB818 /* ProgressLogTests.swift */,
			);
			path = ProgressLogTests;
			sourceTree = "<group>";
		};
		A1023C7F28847703000AB818 /* ProgressLogUITests */ = {
			isa = PBXGroup;
			children = (
				A1023C8028847703000AB818 /* ProgressLogUITests.swift */,
				A1023C8228847703000AB818 /* ProgressLogUITestsLaunchTests.swift */,
			);
			path = ProgressLogUITests;
			sourceTree = "<group>";
		};
/* End PBXGroup section */

/* Begin PBXNativeTarget section */
		A1023C5B28847700000AB818 /* ProgressLog */ = {
			isa = PBXNativeTarget;
			buildConfigurationList = A1023C8628847703000AB818 /* Build configuration list for PBXNativeTarget "ProgressLog" */;
			buildPhases = (
				A1023C5828847700000AB818 /* Sources */,
				A1023C5928847700000AB818 /* Frameworks */,
				A1023C5A28847700000AB818 /* Resources */,
			);
			buildRules = (
			);
			dependencies = (
			);
			name = ProgressLog;
			productName = ProgressLog;
			productReference = A1023C5C28847700000AB818 /* ProgressLog.app */;
			productType = "com.apple.product-type.application";
		};
		A1023C7128847702000AB818 /* ProgressLogTests */ = {
			isa = PBXNativeTarget;
			buildConfigurationList = A1023C8928847703000AB818 /* Build configuration list for PBXNativeTarget "ProgressLogTests" */;
			buildPhases = (
				A1023C6E28847702000AB818 /* Sources */,
				A1023C6F28847702000AB818 /* Frameworks */,
				A1023C7028847702000AB818 /* Resources */,
			);
			buildRules = (
			);
			dependencies = (
				A1023C7428847702000AB818 /* PBXTargetDependency */,
			);
			name = ProgressLogTests;
			productName = ProgressLogTests;
			productReference = A1023C7228847702000AB818 /* ProgressLogTests.xctest */;
			productType = "com.apple.product-type.bundle.unit-test";
		};
		A1023C7B28847703000AB818 /* ProgressLogUITests */ = {
			isa = PBXNativeTarget;
			buildConfigurationList = A1023C8C28847703000AB818 /* Build configuration list for PBXNativeTarget "ProgressLogUITests" */;
			buildPhases = (
				A1023C7828847703000AB818 /* Sources */,
				A1023C7928847703000AB818 /* Frameworks */,
				A1023C7A28847703000AB818 /* Resources */,
			);
			buildRules = (
			);
			dependencies = (
				A1023C7E28847703000AB818 /* PBXTargetDependency */,
			);
			name = ProgressLogUITests;
			productName = ProgressLogUITests;
			productReference = A1023C7C28847703000AB818 /* ProgressLogUITests.xctest */;
			productType = "com.apple.product-type.bundle.ui-testing";
		};
/* End PBXNativeTarget section */

/* Begin PBXProject section */
		A1023C5428847700000AB818 /* Project object */ = {
			isa = PBXProject;
			attributes = {
				BuildIndependentTargetsInParallel = 1;
				LastSwiftUpdateCheck = 1340;
				LastUpgradeCheck = 1340;
				TargetAttributes = {
					A1023C5B28847700000AB818 = {
						CreatedOnToolsVersion = 13.4.1;
					};
					A1023C7128847702000AB818 = {
						CreatedOnToolsVersion = 13.4.1;
						TestTargetID = A1023C5B28847700000AB818;
					};
					A1023C7B28847703000AB818 = {
						CreatedOnToolsVersion = 13.4.1;
						TestTargetID = A1023C5B28847700000AB818;
					};
				};
			};
			buildConfigurationList = A1023C5728847700000AB818 /* Build configuration list for PBXProject "ProgressLog" */;
			compatibilityVersion = "Xcode 13.0";
			developmentRegion = en;
			hasScannedForEncodings = 0;
			knownRegions = (
				en,
				Base,
			);
			mainGroup = A1023C5328847700000AB818;
			productRefGroup = A1023C5D28847700000AB818 /* Products */;
			projectDirPath = "";
			projectRoot = "";
			targets = (
				A1023C5B28847700000AB818 /* ProgressLog */,
				A1023C7128847702000AB818 /* ProgressLogTests */,
				A1023C7B28847703000AB818 /* ProgressLogUITests */,
			);
		};
/* End PBXProject section */

/* Begin PBXResourcesBuildPhase section */
		A1023C5A28847700000AB818 /* Resources */ = {
			isa = PBXResourcesBuildPhase;
			buildActionMask = 2147483647;
			files = (
				A1023C6C28847702000AB818 /* LaunchScreen.storyboard in Resources */,
				A1023C6928847702000AB818 /* Assets.xcassets in Resources */,
				A1023C6728847700000AB818 /* Main.storyboard in Resources */,
			);
			runOnlyForDeploymentPostprocessing = 0;
		};
		A1023C7028847702000AB818 /* Resources */ = {
			isa = PBXResourcesBuildPhase;
			buildActionMask = 2147483647;
			files = (
			);
			runOnlyForDeploymentPostprocessing = 0;
		};
		A1023C7A28847703000AB818 /* Resources */ = {
			isa = PBXResourcesBuildPhase;
			buildActionMask = 2147483647;
			files = (
			);
			runOnlyForDeploymentPostprocessing = 0;
		};
/* End PBXResourcesBuildPhase section */

/* Begin PBXSourcesBuildPhase section */
		A1023C5828847700000AB818 /* Sources */ = {
			isa = PBXSourcesBuildPhase;
			buildActionMask = 2147483647;
			files = (
				A1023C6428847700000AB818 /* ViewController.swift in Sources */,
				A1023C6028847700000AB818 /* AppDelegate.swift in Sources */,
				A1023C6228847700000AB818 /* SceneDelegate.swift in Sources */,
			);
			runOnlyForDeploymentPostprocessing = 0;
		};
		A1023C6E28847702000AB818 /* Sources */ = {
			isa = PBXSourcesBuildPhase;
			buildActionMask = 2147483647;
			files = (
				A1023C7728847702000AB818 /* ProgressLogTests.swift in Sources */,
			);
			runOnlyForDeploymentPostprocessing = 0;
		};
		A1023C7828847703000AB818 /* Sources */ = {
			isa = PBXSourcesBuildPhase;
			buildActionMask = 2147483647;
			files = (
				A1023C8328847703000AB818 /* ProgressLogUITestsLaunchTests.swift in Sources */,
				A1023C8128847703000AB818 /* ProgressLogUITests.swift in Sources */,
			);
			runOnlyForDeploymentPostprocessing = 0;
		};
/* End PBXSourcesBuildPhase section */

/* Begin PBXTargetDependency section */
		A1023C7428847702000AB818 /* PBXTargetDependency */ = {
			isa = PBXTargetDependency;
			target = A1023C5B28847700000AB818 /* ProgressLog */;
			targetProxy = A1023C7328847702000AB818 /* PBXContainerItemProxy */;
		};
		A1023C7E28847703000AB818 /* PBXTargetDependency */ = {
			isa = PBXTargetDependency;
			target = A1023C5B28847700000AB818 /* ProgressLog */;
			targetProxy = A1023C7D28847703000AB818 /* PBXContainerItemProxy */;
		};
/* End PBXTargetDependency section */

/* Begin PBXVariantGroup section */
		A1023C6528847700000AB818 /* Main.storyboard */ = {
			isa = PBXVariantGroup;
			children = (
				A1023C6628847700000AB818 /* Base */,
			);
			name = Main.storyboard;
			sourceTree = "<group>";
		};
		A1023C6A28847702000AB818 /* LaunchScreen.storyboard */ = {
			isa = PBXVariantGroup;
			children = (
				A1023C6B28847702000AB818 /* Base */,
			);
			name = LaunchScreen.storyboard;
			sourceTree = "<group>";
		};
/* End PBXVariantGroup section */

/* Begin XCBuildConfiguration section */
		A1023C8428847703000AB818 /* Debug */ = {
			isa = XCBuildConfiguration;
			buildSettings = {
				ALWAYS_SEARCH_USER_PATHS = NO;
				CLANG_ANALYZER_NONNULL = YES;
				CLANG_ANALYZER_NUMBER_OBJECT_CONVERSION = YES_AGGRESSIVE;
				CLANG_CXX_LANGUAGE_STANDARD = "gnu++17";
				CLANG_ENABLE_MODULES = YES;
				CLANG_ENABLE_OBJC_ARC = YES;
				CLANG_ENABLE_OBJC_WEAK = YES;
				CLANG_WARN_BLOCK_CAPTURE_AUTORELEASING = YES;
				CLANG_WARN_BOOL_CONVERSION = YES;
				CLANG_WARN_COMMA = YES;
				CLANG_WARN_CONSTANT_CONVERSION = YES;
				CLANG_WARN_DEPRECATED_OBJC_IMPLEMENTATIONS = YES;
				CLANG_WARN_DIRECT_OBJC_ISA_USAGE = YES_ERROR;
				CLANG_WARN_DOCUMENTATION_COMMENTS = YES;
				CLANG_WARN_EMPTY_BODY = YES;
				CLANG_WARN_ENUM_CONVERSION = YES;
				CLANG_WARN_INFINITE_RECURSION = YES;
				CLANG_WARN_INT_CONVERSION = YES;
				CLANG_WARN_NON_LITERAL_NULL_CONVERSION = YES;
				CLANG_WARN_OBJC_IMPLICIT_RETAIN_SELF = YES;
				CLANG_WARN_OBJC_LITERAL_CONVERSION = YES;
				CLANG_WARN_OBJC_ROOT_CLASS = YES_ERROR;
				CLANG_WARN_QUOTED_INCLUDE_IN_FRAMEWORK_HEADER = YES;
				CLANG_WARN_RANGE_LOOP_ANALYSIS = YES;
				CLANG_WARN_STRICT_PROTOTYPES = YES;
				CLANG_WARN_SUSPICIOUS_MOVE = YES;
				CLANG_WARN_UNGUARDED_AVAILABILITY = YES_AGGRESSIVE;
				CLANG_WARN_UNREACHABLE_CODE = YES;
				CLANG_WARN__DUPLICATE_METHOD_MATCH = YES;
				COPY_PHASE_STRIP = NO;
				DEBUG_INFORMATION_FORMAT = dwarf;
				ENABLE_STRICT_OBJC_MSGSEND = YES;
				ENABLE_TESTABILITY = YES;
				GCC_C_LANGUAGE_STANDARD = gnu11;
				GCC_DYNAMIC_NO_PIC = NO;
				GCC_NO_COMMON_BLOCKS = YES;
				GCC_OPTIMIZATION_LEVEL = 0;
				GCC_PREPROCESSOR_DEFINITIONS = (
					"DEBUG=1",
					"$(inherited)",
				);
				GCC_WARN_64_TO_32_BIT_CONVERSION = YES;
				GCC_WARN_ABOUT_RETURN_TYPE = YES_ERROR;
				GCC_WARN_UNDECLARED_SELECTOR = YES;
				GCC_WARN_UNINITIALIZED_AUTOS = YES_AGGRESSIVE;
				GCC_WARN_UNUSED_FUNCTION = YES;
				GCC_WARN_UNUSED_VARIABLE = YES;
				IPHONEOS_DEPLOYMENT_TARGET = 15.5;
				MTL_ENABLE_DEBUG_INFO = INCLUDE_SOURCE;
				MTL_FAST_MATH = YES;
				ONLY_ACTIVE_ARCH = YES;
				SDKROOT = iphoneos;
				SWIFT_ACTIVE_COMPILATION_CONDITIONS = DEBUG;
				SWIFT_OPTIMIZATION_LEVEL = "-Onone";
			};
			name = Debug;
		};
		A1023C8528847703000AB818 /* Release */ = {
			isa = XCBuildConfiguration;
			buildSettings = {
				ALWAYS_SEARCH_USER_PATHS = NO;
				CLANG_ANALYZER_NONNULL = YES;
				CLANG_ANALYZER_NUMBER_OBJECT_CONVERSION = YES_AGGRESSIVE;
				CLANG_CXX_LANGUAGE_STANDARD = "gnu++17";
				CLANG_ENABLE_MODULES = YES;
				CLANG_ENABLE_OBJC_ARC = YES;
				CLANG_ENABLE_OBJC_WEAK = YES;
				CLANG_WARN_BLOCK_CAPTURE_AUTORELEASING = YES;
				CLANG_WARN_BOOL_CONVERSION = YES;
				CLANG_WARN_COMMA = YES;
				CLANG_WARN_CONSTANT_CONVERSION = YES;
				CLANG_WARN_DEPRECATED_OBJC_IMPLEMENTATIONS = YES;
				CLANG_WARN_DIRECT_OBJC_ISA_USAGE = YES_ERROR;
				CLANG_WARN_DOCUMENTATION_COMMENTS = YES;
				CLANG_WARN_EMPTY_BODY = YES;
				CLANG_WARN_ENUM_CONVERSION = YES;
				CLANG_WARN_INFINITE_RECURSION = YES;
				CLANG_WARN_INT_CONVERSION = YES;
				CLANG_WARN_NON_LITERAL_NULL_CONVERSION = YES;
				CLANG_WARN_OBJC_IMPLICIT_RETAIN_SELF = YES;
				CLANG_WARN_OBJC_LITERAL_CONVERSION = YES;
				CLANG_WARN_OBJC_ROOT_CLASS = YES_ERROR;
				CLANG_WARN_QUOTED_INCLUDE_IN_FRAMEWORK_HEADER = YES;
				CLANG_WARN_RANGE_LOOP_ANALYSIS = YES;
				CLANG_WARN_STRICT_PROTOTYPES = YES;
				CLANG_WARN_SUSPICIOUS_MOVE = YES;
				CLANG_WARN_UNGUARDED_AVAILABILITY = YES_AGGRESSIVE;
				CLANG_WARN_UNREACHABLE_CODE = YES;
				CLANG_WARN__DUPLICATE_METHOD_MATCH = YES;
				COPY_PHASE_STRIP = NO;
				DEBUG_INFORMATION_FORMAT = "dwarf-with-dsym";
				ENABLE_NS_ASSERTIONS = NO;
				ENABLE_STRICT_OBJC_MSGSEND = YES;
				GCC_C_LANGUAGE_STANDARD = gnu11;
				GCC_NO_COMMON_BLOCKS = YES;
				GCC_WARN_64_TO_32_BIT_CONVERSION = YES;
				GCC_WARN_ABOUT_RETURN_TYPE = YES_ERROR;
				GCC_WARN_UNDECLARED_SELECTOR = YES;
				GCC_WARN_UNINITIALIZED_AUTOS = YES_AGGRESSIVE;
				GCC_WARN_UNUSED_FUNCTION = YES;
				GCC_WARN_UNUSED_VARIABLE = YES;
				IPHONEOS_DEPLOYMENT_TARGET = 15.5;
				MTL_ENABLE_DEBUG_INFO = NO;
				MTL_FAST_MATH = YES;
				SDKROOT = iphoneos;
				SWIFT_COMPILATION_MODE = wholemodule;
				SWIFT_OPTIMIZATION_LEVEL = "-O";
				VALIDATE_PRODUCT = YES;
			};
			name = Release;
		};
		A1023C8728847703000AB818 /* Debug */ = {
			isa = XCBuildConfiguration;
			buildSettings = {
				ASSETCATALOG_COMPILER_APPICON_NAME = AppIcon;
				ASSETCATALOG_COMPILER_GLOBAL_ACCENT_COLOR_NAME = AccentColor;
				CODE_SIGN_STYLE = Automatic;
				CURRENT_PROJECT_VERSION = 1;
				GENERATE_INFOPLIST_FILE = YES;
				INFOPLIST_FILE = ProgressLog/Info.plist;
				INFOPLIST_KEY_UIApplicationSupportsIndirectInputEvents = YES;
				INFOPLIST_KEY_UILaunchStoryboardName = LaunchScreen;
				INFOPLIST_KEY_UIMainStoryboardFile = Main;
				INFOPLIST_KEY_UISupportedInterfaceOrientations_iPad = "UIInterfaceOrientationPortrait UIInterfaceOrientationPortraitUpsideDown UIInterfaceOrientationLandscapeLeft UIInterfaceOrientationLandscapeRight";
				INFOPLIST_KEY_UISupportedInterfaceOrientations_iPhone = "UIInterfaceOrientationPortrait UIInterfaceOrientationLandscapeLeft UIInterfaceOrientationLandscapeRight";
				LD_RUNPATH_SEARCH_PATHS = (
					"$(inherited)",
					"@executable_path/Frameworks",
				);
				MARKETING_VERSION = 1.0;
				PRODUCT_BUNDLE_IDENTIFIER = com.yordgenome.ProgressLog;
				PRODUCT_NAME = "$(TARGET_NAME)";
				SWIFT_EMIT_LOC_STRINGS = YES;
				SWIFT_VERSION = 5.0;
				TARGETED_DEVICE_FAMILY = "1,2";
			};
			name = Debug;
		};
		A1023C8828847703000AB818 /* Release */ = {
			isa = XCBuildConfiguration;
			buildSettings = {
				ASSETCATALOG_COMPILER_APPICON_NAME = AppIcon;
				ASSETCATALOG_COMPILER_GLOBAL_ACCENT_COLOR_NAME = AccentColor;
				CODE_SIGN_STYLE = Automatic;
				CURRENT_PROJECT_VERSION = 1;
				GENERATE_INFOPLIST_FILE = YES;
				INFOPLIST_FILE = ProgressLog/Info.plist;
				INFOPLIST_KEY_UIApplicationSupportsIndirectInputEvents = YES;
				INFOPLIST_KEY_UILaunchStoryboardName = LaunchScreen;
				INFOPLIST_KEY_UIMainStoryboardFile = Main;
				INFOPLIST_KEY_UISupportedInterfaceOrientations_iPad = "UIInterfaceOrientationPortrait UIInterfaceOrientationPortraitUpsideDown UIInterfaceOrientationLandscapeLeft UIInterfaceOrientationLandscapeRight";
				INFOPLIST_KEY_UISupportedInterfaceOrientations_iPhone = "UIInterfaceOrientationPortrait UIInterfaceOrientationLandscapeLeft UIInterfaceOrientationLandscapeRight";
				LD_RUNPATH_SEARCH_PATHS = (
					"$(inherited)",
					"@executable_path/Frameworks",
				);
				MARKETING_VERSION = 1.0;
				PRODUCT_BUNDLE_IDENTIFIER = com.yordgenome.ProgressLog;
				PRODUCT_NAME = "$(TARGET_NAME)";
				SWIFT_EMIT_LOC_STRINGS = YES;
				SWIFT_VERSION = 5.0;
				TARGETED_DEVICE_FAMILY = "1,2";
			};
			name = Release;
		};
		A1023C8A28847703000AB818 /* Debug */ = {
			isa = XCBuildConfiguration;
			buildSettings = {
				ALWAYS_EMBED_SWIFT_STANDARD_LIBRARIES = YES;
				BUNDLE_LOADER = "$(TEST_HOST)";
				CODE_SIGN_STYLE = Automatic;
				CURRENT_PROJECT_VERSION = 1;
				GENERATE_INFOPLIST_FILE = YES;
				IPHONEOS_DEPLOYMENT_TARGET = 15.5;
				MARKETING_VERSION = 1.0;
				PRODUCT_BUNDLE_IDENTIFIER = com.yordgenome.ProgressLogTests;
				PRODUCT_NAME = "$(TARGET_NAME)";
				SWIFT_EMIT_LOC_STRINGS = NO;
				SWIFT_VERSION = 5.0;
				TARGETED_DEVICE_FAMILY = "1,2";
				TEST_HOST = "$(BUILT_PRODUCTS_DIR)/ProgressLog.app/ProgressLog";
			};
			name = Debug;
		};
		A1023C8B28847703000AB818 /* Release */ = {
			isa = XCBuildConfiguration;
			buildSettings = {
				ALWAYS_EMBED_SWIFT_STANDARD_LIBRARIES = YES;
				BUNDLE_LOADER = "$(TEST_HOST)";
				CODE_SIGN_STYLE = Automatic;
				CURRENT_PROJECT_VERSION = 1;
				GENERATE_INFOPLIST_FILE = YES;
				IPHONEOS_DEPLOYMENT_TARGET = 15.5;
				MARKETING_VERSION = 1.0;
				PRODUCT_BUNDLE_IDENTIFIER = com.yordgenome.ProgressLogTests;
				PRODUCT_NAME = "$(TARGET_NAME)";
				SWIFT_EMIT_LOC_STRINGS = NO;
				SWIFT_VERSION = 5.0;
				TARGETED_DEVICE_FAMILY = "1,2";
				TEST_HOST = "$(BUILT_PRODUCTS_DIR)/ProgressLog.app/ProgressLog";
			};
			name = Release;
		};
		A1023C8D28847703000AB818 /* Debug */ = {
			isa = XCBuildConfiguration;
			buildSettings = {
				ALWAYS_EMBED_SWIFT_STANDARD_LIBRARIES = YES;
				CODE_SIGN_STYLE = Automatic;
				CURRENT_PROJECT_VERSION = 1;
				GENERATE_INFOPLIST_FILE = YES;
				MARKETING_VERSION = 1.0;
				PRODUCT_BUNDLE_IDENTIFIER = com.yordgenome.ProgressLogUITests;
				PRODUCT_NAME = "$(TARGET_NAME)";
				SWIFT_EMIT_LOC_STRINGS = NO;
				SWIFT_VERSION = 5.0;
				TARGETED_DEVICE_FAMILY = "1,2";
				TEST_TARGET_NAME = ProgressLog;
			};
			name = Debug;
		};
		A1023C8E28847703000AB818 /* Release */ = {
			isa = XCBuildConfiguration;
			buildSettings = {
				ALWAYS_EMBED_SWIFT_STANDARD_LIBRARIES = YES;
				CODE_SIGN_STYLE = Automatic;
				CURRENT_PROJECT_VERSION = 1;
				GENERATE_INFOPLIST_FILE = YES;
				MARKETING_VERSION = 1.0;
				PRODUCT_BUNDLE_IDENTIFIER = com.yordgenome.ProgressLogUITests;
				PRODUCT_NAME = "$(TARGET_NAME)";
				SWIFT_EMIT_LOC_STRINGS = NO;
				SWIFT_VERSION = 5.0;
				TARGETED_DEVICE_FAMILY = "1,2";
				TEST_TARGET_NAME = ProgressLog;
			};
			name = Release;
		};
/* End XCBuildConfiguration section */

/* Begin XCConfigurationList section */
		A1023C5728847700000AB818 /* Build configuration list for PBXProject "ProgressLog" */ = {
			isa = XCConfigurationList;
			buildConfigurations = (
				A1023C8428847703000AB818 /* Debug */,
				A1023C8528847703000AB818 /* Release */,
			);
			defaultConfigurationIsVisible = 0;
			defaultConfigurationName = Release;
		};
		A1023C8628847703000AB818 /* Build configuration list for PBXNativeTarget "ProgressLog" */ = {
			isa = XCConfigurationList;
			buildConfigurations = (
				A1023C8728847703000AB818 /* Debug */,
				A1023C8828847703000AB818 /* Release */,
			);
			defaultConfigurationIsVisible = 0;
			defaultConfigurationName = Release;
		};
		A1023C8928847703000AB818 /* Build configuration list for PBXNativeTarget "ProgressLogTests" */ = {
			isa = XCConfigurationList;
			buildConfigurations = (
				A1023C8A28847703000AB818 /* Debug */,
				A1023C8B28847703000AB818 /* Release */,
			);
			defaultConfigurationIsVisible = 0;
			defaultConfigurationName = Release;
		};
		A1023C8C28847703000AB818 /* Build configuration list for PBXNativeTarget "ProgressLogUITests" */ = {
			isa = XCConfigurationList;
			buildConfigurations = (
				A1023C8D28847703000AB818 /* Debug */,
				A1023C8E28847703000AB818 /* Release */,
			);
			defaultConfigurationIsVisible = 0;
			defaultConfigurationName = Release;
		};
/* End XCConfigurationList section */
	};
	rootObject = A1023C5428847700000AB818 /* Project object */;
}
